// !$*UTF8*$!
{
	archiveVersion = 1;
	classes = {
	};
	objectVersion = 50;
	objects = {

/* Begin PBXBuildFile section */
		D9CE552324FDDCD500392416 /* AppDelegate.swift in Sources */ = {isa = PBXBuildFile; fileRef = D9CE552224FDDCD500392416 /* AppDelegate.swift */; };
		D9CE552524FDDCD500392416 /* SceneDelegate.swift in Sources */ = {isa = PBXBuildFile; fileRef = D9CE552424FDDCD500392416 /* SceneDelegate.swift */; };
		D9CE552724FDDCD500392416 /* ViewController.swift in Sources */ = {isa = PBXBuildFile; fileRef = D9CE552624FDDCD500392416 /* ViewController.swift */; };
		D9CE552A24FDDCD500392416 /* Main.storyboard in Resources */ = {isa = PBXBuildFile; fileRef = D9CE552824FDDCD500392416 /* Main.storyboard */; };
		D9CE552C24FDDCD700392416 /* Assets.xcassets in Resources */ = {isa = PBXBuildFile; fileRef = D9CE552B24FDDCD700392416 /* Assets.xcassets */; };
		D9CE552F24FDDCD700392416 /* LaunchScreen.storyboard in Resources */ = {isa = PBXBuildFile; fileRef = D9CE552D24FDDCD700392416 /* LaunchScreen.storyboard */; };
		D9CE554124FDDCEC00392416 /* storm9.jpg in Resources */ = {isa = PBXBuildFile; fileRef = D9CE553724FDDCEC00392416 /* storm9.jpg */; };
		D9CE554224FDDCEC00392416 /* storm8.jpg in Resources */ = {isa = PBXBuildFile; fileRef = D9CE553824FDDCEC00392416 /* storm8.jpg */; };
		D9CE554324FDDCEC00392416 /* storm4.jpg in Resources */ = {isa = PBXBuildFile; fileRef = D9CE553924FDDCEC00392416 /* storm4.jpg */; };
		D9CE554424FDDCEC00392416 /* storm6.jpg in Resources */ = {isa = PBXBuildFile; fileRef = D9CE553A24FDDCEC00392416 /* storm6.jpg */; };
		D9CE554524FDDCEC00392416 /* storm7.jpg in Resources */ = {isa = PBXBuildFile; fileRef = D9CE553B24FDDCEC00392416 /* storm7.jpg */; };
		D9CE554624FDDCEC00392416 /* storm3.jpg in Resources */ = {isa = PBXBuildFile; fileRef = D9CE553C24FDDCEC00392416 /* storm3.jpg */; };
		D9CE554724FDDCEC00392416 /* storm2.jpg in Resources */ = {isa = PBXBuildFile; fileRef = D9CE553D24FDDCEC00392416 /* storm2.jpg */; };
		D9CE554824FDDCEC00392416 /* storm1.jpg in Resources */ = {isa = PBXBuildFile; fileRef = D9CE553E24FDDCEC00392416 /* storm1.jpg */; };
		D9CE554924FDDCEC00392416 /* storm5.jpeg in Resources */ = {isa = PBXBuildFile; fileRef = D9CE553F24FDDCEC00392416 /* storm5.jpeg */; };
		D9CE554A24FDDCEC00392416 /* storm10.jpeg in Resources */ = {isa = PBXBuildFile; fileRef = D9CE554024FDDCEC00392416 /* storm10.jpeg */; };
		D9CE554C24FDE7C400392416 /* DetailViewController.swift in Sources */ = {isa = PBXBuildFile; fileRef = D9CE554B24FDE7C400392416 /* DetailViewController.swift */; };
/* End PBXBuildFile section */

/* Begin PBXFileReference section */
		D9CE551F24FDDCD500392416 /* StormViewer.app */ = {isa = PBXFileReference; explicitFileType = wrapper.application; includeInIndex = 0; path = StormViewer.app; sourceTree = BUILT_PRODUCTS_DIR; };
		D9CE552224FDDCD500392416 /* AppDelegate.swift */ = {isa = PBXFileReference; lastKnownFileType = sourcecode.swift; path = AppDelegate.swift; sourceTree = "<group>"; };
		D9CE552424FDDCD500392416 /* SceneDelegate.swift */ = {isa = PBXFileReference; lastKnownFileType = sourcecode.swift; path = SceneDelegate.swift; sourceTree = "<group>"; };
		D9CE552624FDDCD500392416 /* ViewController.swift */ = {isa = PBXFileReference; lastKnownFileType = sourcecode.swift; path = ViewController.swift; sourceTree = "<group>"; };
		D9CE552924FDDCD500392416 /* Base */ = {isa = PBXFileReference; lastKnownFileType = file.storyboard; name = Base; path = Base.lproj/Main.storyboard; sourceTree = "<group>"; };
		D9CE552B24FDDCD700392416 /* Assets.xcassets */ = {isa = PBXFileReference; lastKnownFileType = folder.assetcatalog; path = Assets.xcassets; sourceTree = "<group>"; };
		D9CE552E24FDDCD700392416 /* Base */ = {isa = PBXFileReference; lastKnownFileType = file.storyboard; name = Base; path = Base.lproj/LaunchScreen.storyboard; sourceTree = "<group>"; };
		D9CE553024FDDCD700392416 /* Info.plist */ = {isa = PBXFileReference; lastKnownFileType = text.plist.xml; path = Info.plist; sourceTree = "<group>"; };
		D9CE553724FDDCEC00392416 /* storm9.jpg */ = {isa = PBXFileReference; lastKnownFileType = image.jpeg; path = storm9.jpg; sourceTree = "<group>"; };
		D9CE553824FDDCEC00392416 /* storm8.jpg */ = {isa = PBXFileReference; lastKnownFileType = image.jpeg; path = storm8.jpg; sourceTree = "<group>"; };
		D9CE553924FDDCEC00392416 /* storm4.jpg */ = {isa = PBXFileReference; lastKnownFileType = image.jpeg; path = storm4.jpg; sourceTree = "<group>"; };
		D9CE553A24FDDCEC00392416 /* storm6.jpg */ = {isa = PBXFileReference; lastKnownFileType = image.jpeg; path = storm6.jpg; sourceTree = "<group>"; };
		D9CE553B24FDDCEC00392416 /* storm7.jpg */ = {isa = PBXFileReference; lastKnownFileType = image.jpeg; path = storm7.jpg; sourceTree = "<group>"; };
		D9CE553C24FDDCEC00392416 /* storm3.jpg */ = {isa = PBXFileReference; lastKnownFileType = image.jpeg; path = storm3.jpg; sourceTree = "<group>"; };
		D9CE553D24FDDCEC00392416 /* storm2.jpg */ = {isa = PBXFileReference; lastKnownFileType = image.jpeg; path = storm2.jpg; sourceTree = "<group>"; };
		D9CE553E24FDDCEC00392416 /* storm1.jpg */ = {isa = PBXFileReference; lastKnownFileType = image.jpeg; path = storm1.jpg; sourceTree = "<group>"; };
		D9CE553F24FDDCEC00392416 /* storm5.jpeg */ = {isa = PBXFileReference; lastKnownFileType = image.jpeg; path = storm5.jpeg; sourceTree = "<group>"; };
		D9CE554024FDDCEC00392416 /* storm10.jpeg */ = {isa = PBXFileReference; lastKnownFileType = image.jpeg; path = storm10.jpeg; sourceTree = "<group>"; };
		D9CE554B24FDE7C400392416 /* DetailViewController.swift */ = {isa = PBXFileReference; lastKnownFileType = sourcecode.swift; path = DetailViewController.swift; sourceTree = "<group>"; };
/* End PBXFileReference section */

/* Begin PBXFrameworksBuildPhase section */
		D9CE551C24FDDCD500392416 /* Frameworks */ = {
			isa = PBXFrameworksBuildPhase;
			buildActionMask = 2147483647;
			files = (
			);
			runOnlyForDeploymentPostprocessing = 0;
		};
/* End PBXFrameworksBuildPhase section */

/* Begin PBXGroup section */
		D9CE551624FDDCD500392416 = {
			isa = PBXGroup;
			children = (
				D9CE552124FDDCD500392416 /* StormViewer */,
				D9CE552024FDDCD500392416 /* Products */,
			);
			sourceTree = "<group>";
		};
		D9CE552024FDDCD500392416 /* Products */ = {
			isa = PBXGroup;
			children = (
				D9CE551F24FDDCD500392416 /* StormViewer.app */,
			);
			name = Products;
			sourceTree = "<group>";
		};
		D9CE552124FDDCD500392416 /* StormViewer */ = {
			isa = PBXGroup;
			children = (
				D9CE552224FDDCD500392416 /* AppDelegate.swift */,
				D9CE552424FDDCD500392416 /* SceneDelegate.swift */,
				D9CE552624FDDCD500392416 /* ViewController.swift */,
				D9CE554B24FDE7C400392416 /* DetailViewController.swift */,
				D9CE552824FDDCD500392416 /* Main.storyboard */,
				D9CE552B24FDDCD700392416 /* Assets.xcassets */,
				D9CE552D24FDDCD700392416 /* LaunchScreen.storyboard */,
				D9CE553024FDDCD700392416 /* Info.plist */,
				D9CE553624FDDCEC00392416 /* storms */,
			);
			path = StormViewer;
			sourceTree = "<group>";
		};
		D9CE553624FDDCEC00392416 /* storms */ = {
			isa = PBXGroup;
			children = (
				D9CE553724FDDCEC00392416 /* storm9.jpg */,
				D9CE553824FDDCEC00392416 /* storm8.jpg */,
				D9CE553924FDDCEC00392416 /* storm4.jpg */,
				D9CE553A24FDDCEC00392416 /* storm6.jpg */,
				D9CE553B24FDDCEC00392416 /* storm7.jpg */,
				D9CE553C24FDDCEC00392416 /* storm3.jpg */,
				D9CE553D24FDDCEC00392416 /* storm2.jpg */,
				D9CE553E24FDDCEC00392416 /* storm1.jpg */,
				D9CE553F24FDDCEC00392416 /* storm5.jpeg */,
				D9CE554024FDDCEC00392416 /* storm10.jpeg */,
			);
			path = storms;
			sourceTree = "<group>";
		};
/* End PBXGroup section */

/* Begin PBXNativeTarget section */
		D9CE551E24FDDCD500392416 /* StormViewer */ = {
			isa = PBXNativeTarget;
			buildConfigurationList = D9CE553324FDDCD700392416 /* Build configuration list for PBXNativeTarget "StormViewer" */;
			buildPhases = (
				D9CE551B24FDDCD500392416 /* Sources */,
				D9CE551C24FDDCD500392416 /* Frameworks */,
				D9CE551D24FDDCD500392416 /* Resources */,
			);
			buildRules = (
			);
			dependencies = (
			);
			name = StormViewer;
			productName = StormViewer;
			productReference = D9CE551F24FDDCD500392416 /* StormViewer.app */;
			productType = "com.apple.product-type.application";
		};
/* End PBXNativeTarget section */

/* Begin PBXProject section */
		D9CE551724FDDCD500392416 /* Project object */ = {
			isa = PBXProject;
			attributes = {
				LastSwiftUpdateCheck = 1160;
				LastUpgradeCheck = 1160;
				ORGANIZATIONNAME = "Narendra Vadde";
				TargetAttributes = {
					D9CE551E24FDDCD500392416 = {
						CreatedOnToolsVersion = 11.6;
					};
				};
			};
			buildConfigurationList = D9CE551A24FDDCD500392416 /* Build configuration list for PBXProject "StormViewer" */;
			compatibilityVersion = "Xcode 9.3";
			developmentRegion = en;
			hasScannedForEncodings = 0;
			knownRegions = (
				en,
				Base,
			);
			mainGroup = D9CE551624FDDCD500392416;
			productRefGroup = D9CE552024FDDCD500392416 /* Products */;
			projectDirPath = "";
			projectRoot = "";
			targets = (
				D9CE551E24FDDCD500392416 /* StormViewer */,
			);
		};
/* End PBXProject section */

/* Begin PBXResourcesBuildPhase section */
		D9CE551D24FDDCD500392416 /* Resources */ = {
			isa = PBXResourcesBuildPhase;
			buildActionMask = 2147483647;
			files = (
				D9CE552F24FDDCD700392416 /* LaunchScreen.storyboard in Resources */,
				D9CE554824FDDCEC00392416 /* storm1.jpg in Resources */,
				D9CE554424FDDCEC00392416 /* storm6.jpg in Resources */,
				D9CE552C24FDDCD700392416 /* Assets.xcassets in Resources */,
				D9CE552A24FDDCD500392416 /* Main.storyboard in Resources */,
				D9CE554224FDDCEC00392416 /* storm8.jpg in Resources */,
				D9CE554524FDDCEC00392416 /* storm7.jpg in Resources */,
				D9CE554324FDDCEC00392416 /* storm4.jpg in Resources */,
				D9CE554124FDDCEC00392416 /* storm9.jpg in Resources */,
				D9CE554924FDDCEC00392416 /* storm5.jpeg in Resources */,
				D9CE554A24FDDCEC00392416 /* storm10.jpeg in Resources */,
				D9CE554724FDDCEC00392416 /* storm2.jpg in Resources */,
				D9CE554624FDDCEC00392416 /* storm3.jpg in Resources */,
			);
			runOnlyForDeploymentPostprocessing = 0;
		};
/* End PBXResourcesBuildPhase section */

/* Begin PBXSourcesBuildPhase section */
		D9CE551B24FDDCD500392416 /* Sources */ = {
			isa = PBXSourcesBuildPhase;
			buildActionMask = 2147483647;
			files = (
				D9CE552724FDDCD500392416 /* ViewController.swift in Sources */,
				D9CE552324FDDCD500392416 /* AppDelegate.swift in Sources */,
				D9CE552524FDDCD500392416 /* SceneDelegate.swift in Sources */,
				D9CE554C24FDE7C400392416 /* DetailViewController.swift in Sources */,
			);
			runOnlyForDeploymentPostprocessing = 0;
		};
/* End PBXSourcesBuildPhase section */

/* Begin PBXVariantGroup section */
		D9CE552824FDDCD500392416 /* Main.storyboard */ = {
			isa = PBXVariantGroup;
			children = (
				D9CE552924FDDCD500392416 /* Base */,
			);
			name = Main.storyboard;
			sourceTree = "<group>";
		};
		D9CE552D24FDDCD700392416 /* LaunchScreen.storyboard */ = {
			isa = PBXVariantGroup;
			children = (
				D9CE552E24FDDCD700392416 /* Base */,
			);
			name = LaunchScreen.storyboard;
			sourceTree = "<group>";
		};
/* End PBXVariantGroup section */

/* Begin XCBuildConfiguration section */
		D9CE553124FDDCD700392416 /* Debug */ = {
			isa = XCBuildConfiguration;
			buildSettings = {
				ALWAYS_SEARCH_USER_PATHS = NO;
				CLANG_ANALYZER_NONNULL = YES;
				CLANG_ANALYZER_NUMBER_OBJECT_CONVERSION = YES_AGGRESSIVE;
				CLANG_CXX_LANGUAGE_STANDARD = "gnu++14";
				CLANG_CXX_LIBRARY = "libc++";
				CLANG_ENABLE_MODULES = YES;
				CLANG_ENABLE_OBJC_ARC = YES;
				CLANG_ENABLE_OBJC_WEAK = YES;
				CLANG_WARN_BLOCK_CAPTURE_AUTORELEASING = YES;
				CLANG_WARN_BOOL_CONVERSION = YES;
				CLANG_WARN_COMMA = YES;
				CLANG_WARN_CONSTANT_CONVERSION = YES;
				CLANG_WARN_DEPRECATED_OBJC_IMPLEMENTATIONS = YES;
				CLANG_WARN_DIRECT_OBJC_ISA_USAGE = YES_ERROR;
				CLANG_WARN_DOCUMENTATION_COMMENTS = YES;
				CLANG_WARN_EMPTY_BODY = YES;
				CLANG_WARN_ENUM_CONVERSION = YES;
				CLANG_WARN_INFINITE_RECURSION = YES;
				CLANG_WARN_INT_CONVERSION = YES;
				CLANG_WARN_NON_LITERAL_NULL_CONVERSION = YES;
				CLANG_WARN_OBJC_IMPLICIT_RETAIN_SELF = YES;
				CLANG_WARN_OBJC_LITERAL_CONVERSION = YES;
				CLANG_WARN_OBJC_ROOT_CLASS = YES_ERROR;
				CLANG_WARN_RANGE_LOOP_ANALYSIS = YES;
				CLANG_WARN_STRICT_PROTOTYPES = YES;
				CLANG_WARN_SUSPICIOUS_MOVE = YES;
				CLANG_WARN_UNGUARDED_AVAILABILITY = YES_AGGRESSIVE;
				CLANG_WARN_UNREACHABLE_CODE = YES;
				CLANG_WARN__DUPLICATE_METHOD_MATCH = YES;
				COPY_PHASE_STRIP = NO;
				DEBUG_INFORMATION_FORMAT = dwarf;
				ENABLE_STRICT_OBJC_MSGSEND = YES;
				ENABLE_TESTABILITY = YES;
				GCC_C_LANGUAGE_STANDARD = gnu11;
				GCC_DYNAMIC_NO_PIC = NO;
				GCC_NO_COMMON_BLOCKS = YES;
				GCC_OPTIMIZATION_LEVEL = 0;
				GCC_PREPROCESSOR_DEFINITIONS = (
					"DEBUG=1",
					"$(inherited)",
				);
				GCC_WARN_64_TO_32_BIT_CONVERSION = YES;
				GCC_WARN_ABOUT_RETURN_TYPE = YES_ERROR;
				GCC_WARN_UNDECLARED_SELECTOR = YES;
				GCC_WARN_UNINITIALIZED_AUTOS = YES_AGGRESSIVE;
				GCC_WARN_UNUSED_FUNCTION = YES;
				GCC_WARN_UNUSED_VARIABLE = YES;
				IPHONEOS_DEPLOYMENT_TARGET = 13.6;
				MTL_ENABLE_DEBUG_INFO = INCLUDE_SOURCE;
				MTL_FAST_MATH = YES;
				ONLY_ACTIVE_ARCH = YES;
				SDKROOT = iphoneos;
				SWIFT_ACTIVE_COMPILATION_CONDITIONS = DEBUG;
				SWIFT_OPTIMIZATION_LEVEL = "-Onone";
			};
			name = Debug;
		};
		D9CE553224FDDCD700392416 /* Release */ = {
			isa = XCBuildConfiguration;
			buildSettings = {
				ALWAYS_SEARCH_USER_PATHS = NO;
				CLANG_ANALYZER_NONNULL = YES;
				CLANG_ANALYZER_NUMBER_OBJECT_CONVERSION = YES_AGGRESSIVE;
				CLANG_CXX_LANGUAGE_STANDARD = "gnu++14";
				CLANG_CXX_LIBRARY = "libc++";
				CLANG_ENABLE_MODULES = YES;
				CLANG_ENABLE_OBJC_ARC = YES;
				CLANG_ENABLE_OBJC_WEAK = YES;
				CLANG_WARN_BLOCK_CAPTURE_AUTORELEASING = YES;
				CLANG_WARN_BOOL_CONVERSION = YES;
				CLANG_WARN_COMMA = YES;
				CLANG_WARN_CONSTANT_CONVERSION = YES;
				CLANG_WARN_DEPRECATED_OBJC_IMPLEMENTATIONS = YES;
				CLANG_WARN_DIRECT_OBJC_ISA_USAGE = YES_ERROR;
				CLANG_WARN_DOCUMENTATION_COMMENTS = YES;
				CLANG_WARN_EMPTY_BODY = YES;
				CLANG_WARN_ENUM_CONVERSION = YES;
				CLANG_WARN_INFINITE_RECURSION = YES;
				CLANG_WARN_INT_CONVERSION = YES;
				CLANG_WARN_NON_LITERAL_NULL_CONVERSION = YES;
				CLANG_WARN_OBJC_IMPLICIT_RETAIN_SELF = YES;
				CLANG_WARN_OBJC_LITERAL_CONVERSION = YES;
				CLANG_WARN_OBJC_ROOT_CLASS = YES_ERROR;
				CLANG_WARN_RANGE_LOOP_ANALYSIS = YES;
				CLANG_WARN_STRICT_PROTOTYPES = YES;
				CLANG_WARN_SUSPICIOUS_MOVE = YES;
				CLANG_WARN_UNGUARDED_AVAILABILITY = YES_AGGRESSIVE;
				CLANG_WARN_UNREACHABLE_CODE = YES;
				CLANG_WARN__DUPLICATE_METHOD_MATCH = YES;
				COPY_PHASE_STRIP = NO;
				DEBUG_INFORMATION_FORMAT = "dwarf-with-dsym";
				ENABLE_NS_ASSERTIONS = NO;
				ENABLE_STRICT_OBJC_MSGSEND = YES;
				GCC_C_LANGUAGE_STANDARD = gnu11;
				GCC_NO_COMMON_BLOCKS = YES;
				GCC_WARN_64_TO_32_BIT_CONVERSION = YES;
				GCC_WARN_ABOUT_RETURN_TYPE = YES_ERROR;
				GCC_WARN_UNDECLARED_SELECTOR = YES;
				GCC_WARN_UNINITIALIZED_AUTOS = YES_AGGRESSIVE;
				GCC_WARN_UNUSED_FUNCTION = YES;
				GCC_WARN_UNUSED_VARIABLE = YES;
				IPHONEOS_DEPLOYMENT_TARGET = 13.6;
				MTL_ENABLE_DEBUG_INFO = NO;
				MTL_FAST_MATH = YES;
				SDKROOT = iphoneos;
				SWIFT_COMPILATION_MODE = wholemodule;
				SWIFT_OPTIMIZATION_LEVEL = "-O";
				VALIDATE_PRODUCT = YES;
			};
			name = Release;
		};
		D9CE553424FDDCD700392416 /* Debug */ = {
			isa = XCBuildConfiguration;
			buildSettings = {
				ASSETCATALOG_COMPILER_APPICON_NAME = AppIcon;
				CODE_SIGN_STYLE = Automatic;
				INFOPLIST_FILE = StormViewer/Info.plist;
				LD_RUNPATH_SEARCH_PATHS = (
					"$(inherited)",
					"@executable_path/Frameworks",
				);
				PRODUCT_BUNDLE_IDENTIFIER = Z5X.StormViewer;
				PRODUCT_NAME = "$(TARGET_NAME)";
				SWIFT_VERSION = 5.0;
				TARGETED_DEVICE_FAMILY = "1,2";
			};
			name = Debug;
		};
		D9CE553524FDDCD700392416 /* Release */ = {
			isa = XCBuildConfiguration;
			buildSettings = {
				ASSETCATALOG_COMPILER_APPICON_NAME = AppIcon;
				CODE_SIGN_STYLE = Automatic;
				INFOPLIST_FILE = StormViewer/Info.plist;
				LD_RUNPATH_SEARCH_PATHS = (
					"$(inherited)",
					"@executable_path/Frameworks",
				);
				PRODUCT_BUNDLE_IDENTIFIER = Z5X.StormViewer;
				PRODUCT_NAME = "$(TARGET_NAME)";
				SWIFT_VERSION = 5.0;
				TARGETED_DEVICE_FAMILY = "1,2";
			};
			name = Release;
		};
/* End XCBuildConfiguration section */

/* Begin XCConfigurationList section */
		D9CE551A24FDDCD500392416 /* Build configuration list for PBXProject "StormViewer" */ = {
			isa = XCConfigurationList;
			buildConfigurations = (
				D9CE553124FDDCD700392416 /* Debug */,
				D9CE553224FDDCD700392416 /* Release */,
			);
			defaultConfigurationIsVisible = 0;
			defaultConfigurationName = Release;
		};
		D9CE553324FDDCD700392416 /* Build configuration list for PBXNativeTarget "StormViewer" */ = {
			isa = XCConfigurationList;
			buildConfigurations = (
				D9CE553424FDDCD700392416 /* Debug */,
				D9CE553524FDDCD700392416 /* Release */,
			);
			defaultConfigurationIsVisible = 0;
			defaultConfigurationName = Release;
		};
/* End XCConfigurationList section */
	};
	rootObject = D9CE551724FDDCD500392416 /* Project object */;
}
